
Microsoft Visual Studio Solution File, Format Version 12.00
# Visual Studio Version 17
VisualStudioVersion = 17.6.33829.357
MinimumVisualStudioVersion = 10.0.40219.1
Project("{8BC9CEB8-8B4A-11D0-8D11-00A0C91BC942}") = "p3", "p3\p3.vcxproj", "{258DCD97-D0DC-44B4-B191-88C6ACAC6532}"
EndProject
Global
	GlobalSection(SolutionConfigurationPlatforms) = preSolution
		Debug|x64 = Debug|x64
		Debug|x86 = Debug|x86
		Release|x64 = Release|x64
		Release|x86 = Release|x86
	EndGlobalSection
	GlobalSection(ProjectConfigurationPlatforms) = postSolution
		{258DCD97-D0DC-44B4-B191-88C6ACAC6532}.Debug|x64.ActiveCfg = Debug|x64
		{258DCD97-D0DC-44B4-B191-88C6ACAC6532}.Debug|x64.Build.0 = Debug|x64
		{258DCD97-D0DC-44B4-B191-88C6ACAC6532}.Debug|x86.ActiveCfg = Debug|Win32
		{258DCD97-D0DC-44B4-B191-88C6ACAC6532}.Debug|x86.Build.0 = Debug|Win32
		{258DCD97-D0DC-44B4-B191-88C6ACAC6532}.Release|x64.ActiveCfg = Release|x64
		{258DCD97-D0DC-44B4-B191-88C6ACAC6532}.Release|x64.Build.0 = Release|x64
		{258DCD97-D0DC-44B4-B191-88C6ACAC6532}.Release|x86.ActiveCfg = Release|Win32
		{258DCD97-D0DC-44B4-B191-88C6ACAC6532}.Release|x86.Build.0 = Release|Win32
	EndGlobalSection
	GlobalSection(SolutionProperties) = preSolution
		HideSolutionNode = FALSE
	EndGlobalSection
	GlobalSection(ExtensibilityGlobals) = postSolution
		SolutionGuid = {26784EE0-1DE4-41D0-8879-549F040580DD}
	EndGlobalSection
EndGlobal
